
Microsoft Visual Studio Solution File, Format Version 11.00
# Visual Studio 2010
Project("{FAE04EC0-301F-11D3-BF4B-00C04F79EFBC}") = "WebApplication2", "WebApplication2\WebApplication2.csproj", "{FC8704E0-0F58-4B9A-8FD0-C378A1106E3E}"
EndProject
Global
	GlobalSection(SolutionConfigurationPlatforms) = preSolution
		Debug|Any CPU = Debug|Any CPU
		Release|Any CPU = Release|Any CPU
	EndGlobalSection
	GlobalSection(ProjectConfigurationPlatforms) = postSolution
		{FC8704E0-0F58-4B9A-8FD0-C378A1106E3E}.Debug|Any CPU.ActiveCfg = Debug|Any CPU
		{FC8704E0-0F58-4B9A-8FD0-C378A1106E3E}.Debug|Any CPU.Build.0 = Debug|Any CPU
		{FC8704E0-0F58-4B9A-8FD0-C378A1106E3E}.Release|Any CPU.ActiveCfg = Release|Any CPU
		{FC8704E0-0F58-4B9A-8FD0-C378A1106E3E}.Release|Any CPU.Build.0 = Release|Any CPU
	EndGlobalSection
	GlobalSection(SolutionProperties) = preSolution
		HideSolutionNode = FALSE
	EndGlobalSection
EndGlobal
